# This file is automatically @generated by Cargo.
# It is not intended for manual editing.
version = 3

[[package]]
name = "cfg-if"
version = "1.0.0"
source = "registry+https://github.com/rust-lang/crates.io-index"
checksum = "baf1de4339761588bc0619e3cbc0120ee582ebb74b53b4efbf79117bd2da40fd"

[[package]]
name = "datafrog"
version = "2.0.1"
source = "registry+https://github.com/rust-lang/crates.io-index"
checksum = "a0afaad2b26fa326569eb264b1363e8ae3357618c43982b3f285f0774ce76b69"

[[package]]
name = "diff"
version = "0.1.12"
source = "registry+https://github.com/rust-lang/crates.io-index"
checksum = "0e25ea47919b1560c4e3b7fe0aaab9becf5b84a10325ddf7db0f0ba5e1026499"

[[package]]
name = "fixedbitset"
version = "0.1.9"
source = "registry+https://github.com/rust-lang/crates.io-index"
checksum = "86d4de0081402f5e88cdac65c8dcdcc73118c1a7a465e2a05f0da05843a8ea33"

[[package]]
name = "log"
version = "0.4.14"
source = "registry+https://github.com/rust-lang/crates.io-index"
checksum = "51b9bbe6c47d51fc3e1a9b945965946b4c44142ab8792c50835a980d362c2710"
dependencies = [
 "cfg-if",
]

[[package]]
name = "ordermap"
version = "0.3.5"
source = "registry+https://github.com/rust-lang/crates.io-index"
checksum = "a86ed3f5f244b372d6b1a00b72ef7f8876d0bc6a78a4c9985c53614041512063"

[[package]]
name = "petgraph"
version = "0.4.13"
source = "registry+https://github.com/rust-lang/crates.io-index"
checksum = "9c3659d1ee90221741f65dd128d9998311b0e40c5d3c23a62445938214abce4f"
dependencies = [
 "fixedbitset",
 "ordermap",
]

[[package]]
name = "pico-args"
version = "0.2.0"
source = "registry+https://github.com/rust-lang/crates.io-index"
checksum = "2fce25154205cf4360b456fd7d48994afe20663b77e3bd3d0a353a2fccf7f22c"

[[package]]
name = "polonius"
version = "0.7.0"
dependencies = [
 "diff",
 "log",
 "petgraph",
 "pico-args",
 "polonius-engine",
 "polonius-parser",
 "rustc-hash",
]

[[package]]
name = "polonius-engine"
version = "0.13.0"
dependencies = [
 "datafrog",
 "log",
 "rustc-hash",
]

[[package]]
name = "polonius-parser"
version = "0.5.0"

[[package]]
name = "rustc-hash"
version = "1.1.0"
source = "registry+https://github.com/rust-lang/crates.io-index"
checksum = "08d43f7aa6b08d49f382cde6a7982047c3426db949b1424bc4b7ec9ae12c6ce2"
